// !$*UTF8*$!
{
	archiveVersion = 1;
	classes = {
	};
	objectVersion = 50;
	objects = {

/* Begin PBXBuildFile section */
		22BCCCC823D8DA4C009571F2 /* tip.jpg in Resources */ = {isa = PBXBuildFile; fileRef = 22BCCCC723D8DA4B009571F2 /* tip.jpg */; };
		22D05DD023D800E500F36E06 /* AppDelegate.swift in Sources */ = {isa = PBXBuildFile; fileRef = 22D05DCF23D800E500F36E06 /* AppDelegate.swift */; };
		22D05DD223D800E500F36E06 /* SceneDelegate.swift in Sources */ = {isa = PBXBuildFile; fileRef = 22D05DD123D800E500F36E06 /* SceneDelegate.swift */; };
		22D05DD423D800E500F36E06 /* ViewController.swift in Sources */ = {isa = PBXBuildFile; fileRef = 22D05DD323D800E500F36E06 /* ViewController.swift */; };
		22D05DD723D800E500F36E06 /* Main.storyboard in Resources */ = {isa = PBXBuildFile; fileRef = 22D05DD523D800E500F36E06 /* Main.storyboard */; };
		22D05DD923D800F000F36E06 /* Assets.xcassets in Resources */ = {isa = PBXBuildFile; fileRef = 22D05DD823D800F000F36E06 /* Assets.xcassets */; };
		22D05DDC23D800F000F36E06 /* LaunchScreen.storyboard in Resources */ = {isa = PBXBuildFile; fileRef = 22D05DDA23D800F000F36E06 /* LaunchScreen.storyboard */; };
		22D05DE723D800F000F36E06 /* TipCalculatorTests.swift in Sources */ = {isa = PBXBuildFile; fileRef = 22D05DE623D800F000F36E06 /* TipCalculatorTests.swift */; };
		22D05DF223D800F000F36E06 /* TipCalculatorUITests.swift in Sources */ = {isa = PBXBuildFile; fileRef = 22D05DF123D800F000F36E06 /* TipCalculatorUITests.swift */; };
/* End PBXBuildFile section */

/* Begin PBXContainerItemProxy section */
		22D05DE323D800F000F36E06 /* PBXContainerItemProxy */ = {
			isa = PBXContainerItemProxy;
			containerPortal = 22D05DC423D800E500F36E06 /* Project object */;
			proxyType = 1;
			remoteGlobalIDString = 22D05DCB23D800E500F36E06;
			remoteInfo = TipCalculator;
		};
		22D05DEE23D800F000F36E06 /* PBXContainerItemProxy */ = {
			isa = PBXContainerItemProxy;
			containerPortal = 22D05DC423D800E500F36E06 /* Project object */;
			proxyType = 1;
			remoteGlobalIDString = 22D05DCB23D800E500F36E06;
			remoteInfo = TipCalculator;
		};
/* End PBXContainerItemProxy section */

/* Begin PBXFileReference section */
		22BCCCC723D8DA4B009571F2 /* tip.jpg */ = {isa = PBXFileReference; lastKnownFileType = image.jpeg; name = tip.jpg; path = ../../../tip.jpg; sourceTree = "<group>"; };
		22D05DCC23D800E500F36E06 /* TipCalculator.app */ = {isa = PBXFileReference; explicitFileType = wrapper.application; includeInIndex = 0; path = TipCalculator.app; sourceTree = BUILT_PRODUCTS_DIR; };
		22D05DCF23D800E500F36E06 /* AppDelegate.swift */ = {isa = PBXFileReference; lastKnownFileType = sourcecode.swift; path = AppDelegate.swift; sourceTree = "<group>"; };
		22D05DD123D800E500F36E06 /* SceneDelegate.swift */ = {isa = PBXFileReference; lastKnownFileType = sourcecode.swift; path = SceneDelegate.swift; sourceTree = "<group>"; };
		22D05DD323D800E500F36E06 /* ViewController.swift */ = {isa = PBXFileReference; lastKnownFileType = sourcecode.swift; path = ViewController.swift; sourceTree = "<group>"; };
		22D05DD623D800E500F36E06 /* Base */ = {isa = PBXFileReference; lastKnownFileType = file.storyboard; name = Base; path = Base.lproj/Main.storyboard; sourceTree = "<group>"; };
		22D05DD823D800F000F36E06 /* Assets.xcassets */ = {isa = PBXFileReference; lastKnownFileType = folder.assetcatalog; path = Assets.xcassets; sourceTree = "<group>"; };
		22D05DDB23D800F000F36E06 /* Base */ = {isa = PBXFileReference; lastKnownFileType = file.storyboard; name = Base; path = Base.lproj/LaunchScreen.storyboard; sourceTree = "<group>"; };
		22D05DDD23D800F000F36E06 /* Info.plist */ = {isa = PBXFileReference; lastKnownFileType = text.plist.xml; path = Info.plist; sourceTree = "<group>"; };
		22D05DE223D800F000F36E06 /* TipCalculatorTests.xctest */ = {isa = PBXFileReference; explicitFileType = wrapper.cfbundle; includeInIndex = 0; path = TipCalculatorTests.xctest; sourceTree = BUILT_PRODUCTS_DIR; };
		22D05DE623D800F000F36E06 /* TipCalculatorTests.swift */ = {isa = PBXFileReference; lastKnownFileType = sourcecode.swift; path = TipCalculatorTests.swift; sourceTree = "<group>"; };
		22D05DE823D800F000F36E06 /* Info.plist */ = {isa = PBXFileReference; lastKnownFileType = text.plist.xml; path = Info.plist; sourceTree = "<group>"; };
		22D05DED23D800F000F36E06 /* TipCalculatorUITests.xctest */ = {isa = PBXFileReference; explicitFileType = wrapper.cfbundle; includeInIndex = 0; path = TipCalculatorUITests.xctest; sourceTree = BUILT_PRODUCTS_DIR; };
		22D05DF123D800F000F36E06 /* TipCalculatorUITests.swift */ = {isa = PBXFileReference; lastKnownFileType = sourcecode.swift; path = TipCalculatorUITests.swift; sourceTree = "<group>"; };
		22D05DF323D800F000F36E06 /* Info.plist */ = {isa = PBXFileReference; lastKnownFileType = text.plist.xml; path = Info.plist; sourceTree = "<group>"; };
/* End PBXFileReference section */

/* Begin PBXFrameworksBuildPhase section */
		22D05DC923D800E500F36E06 /* Frameworks */ = {
			isa = PBXFrameworksBuildPhase;
			buildActionMask = 2147483647;
			files = (
			);
			runOnlyForDeploymentPostprocessing = 0;
		};
		22D05DDF23D800F000F36E06 /* Frameworks */ = {
			isa = PBXFrameworksBuildPhase;
			buildActionMask = 2147483647;
			files = (
			);
			runOnlyForDeploymentPostprocessing = 0;
		};
		22D05DEA23D800F000F36E06 /* Frameworks */ = {
			isa = PBXFrameworksBuildPhase;
			buildActionMask = 2147483647;
			files = (
			);
			runOnlyForDeploymentPostprocessing = 0;
		};
/* End PBXFrameworksBuildPhase section */

/* Begin PBXGroup section */
		22D05DC323D800E500F36E06 = {
			isa = PBXGroup;
			children = (
				22D05DCE23D800E500F36E06 /* TipCalculator */,
				22D05DE523D800F000F36E06 /* TipCalculatorTests */,
				22D05DF023D800F000F36E06 /* TipCalculatorUITests */,
				22D05DCD23D800E500F36E06 /* Products */,
			);
			sourceTree = "<group>";
		};
		22D05DCD23D800E500F36E06 /* Products */ = {
			isa = PBXGroup;
			children = (
				22D05DCC23D800E500F36E06 /* TipCalculator.app */,
				22D05DE223D800F000F36E06 /* TipCalculatorTests.xctest */,
				22D05DED23D800F000F36E06 /* TipCalculatorUITests.xctest */,
			);
			name = Products;
			sourceTree = "<group>";
		};
		22D05DCE23D800E500F36E06 /* TipCalculator */ = {
			isa = PBXGroup;
			children = (
				22D05DCF23D800E500F36E06 /* AppDelegate.swift */,
				22D05DD123D800E500F36E06 /* SceneDelegate.swift */,
				22D05DD323D800E500F36E06 /* ViewController.swift */,
				22D05DD523D800E500F36E06 /* Main.storyboard */,
				22D05DD823D800F000F36E06 /* Assets.xcassets */,
				22D05DDA23D800F000F36E06 /* LaunchScreen.storyboard */,
				22D05DDD23D800F000F36E06 /* Info.plist */,
				22BCCCC723D8DA4B009571F2 /* tip.jpg */,
			);
			path = TipCalculator;
			sourceTree = "<group>";
		};
		22D05DE523D800F000F36E06 /* TipCalculatorTests */ = {
			isa = PBXGroup;
			children = (
				22D05DE623D800F000F36E06 /* TipCalculatorTests.swift */,
				22D05DE823D800F000F36E06 /* Info.plist */,
			);
			path = TipCalculatorTests;
			sourceTree = "<group>";
		};
		22D05DF023D800F000F36E06 /* TipCalculatorUITests */ = {
			isa = PBXGroup;
			children = (
				22D05DF123D800F000F36E06 /* TipCalculatorUITests.swift */,
				22D05DF323D800F000F36E06 /* Info.plist */,
			);
			path = TipCalculatorUITests;
			sourceTree = "<group>";
		};
/* End PBXGroup section */

/* Begin PBXNativeTarget section */
		22D05DCB23D800E500F36E06 /* TipCalculator */ = {
			isa = PBXNativeTarget;
			buildConfigurationList = 22D05DF623D800F000F36E06 /* Build configuration list for PBXNativeTarget "TipCalculator" */;
			buildPhases = (
				22D05DC823D800E500F36E06 /* Sources */,
				22D05DC923D800E500F36E06 /* Frameworks */,
				22D05DCA23D800E500F36E06 /* Resources */,
			);
			buildRules = (
			);
			dependencies = (
			);
			name = TipCalculator;
			productName = TipCalculator;
			productReference = 22D05DCC23D800E500F36E06 /* TipCalculator.app */;
			productType = "com.apple.product-type.application";
		};
		22D05DE123D800F000F36E06 /* TipCalculatorTests */ = {
			isa = PBXNativeTarget;
			buildConfigurationList = 22D05DF923D800F000F36E06 /* Build configuration list for PBXNativeTarget "TipCalculatorTests" */;
			buildPhases = (
				22D05DDE23D800F000F36E06 /* Sources */,
				22D05DDF23D800F000F36E06 /* Frameworks */,
				22D05DE023D800F000F36E06 /* Resources */,
			);
			buildRules = (
			);
			dependencies = (
				22D05DE423D800F000F36E06 /* PBXTargetDependency */,
			);
			name = TipCalculatorTests;
			productName = TipCalculatorTests;
			productReference = 22D05DE223D800F000F36E06 /* TipCalculatorTests.xctest */;
			productType = "com.apple.product-type.bundle.unit-test";
		};
		22D05DEC23D800F000F36E06 /* TipCalculatorUITests */ = {
			isa = PBXNativeTarget;
			buildConfigurationList = 22D05DFC23D800F000F36E06 /* Build configuration list for PBXNativeTarget "TipCalculatorUITests" */;
			buildPhases = (
				22D05DE923D800F000F36E06 /* Sources */,
				22D05DEA23D800F000F36E06 /* Frameworks */,
				22D05DEB23D800F000F36E06 /* Resources */,
			);
			buildRules = (
			);
			dependencies = (
				22D05DEF23D800F000F36E06 /* PBXTargetDependency */,
			);
			name = TipCalculatorUITests;
			productName = TipCalculatorUITests;
			productReference = 22D05DED23D800F000F36E06 /* TipCalculatorUITests.xctest */;
			productType = "com.apple.product-type.bundle.ui-testing";
		};
/* End PBXNativeTarget section */

/* Begin PBXProject section */
		22D05DC423D800E500F36E06 /* Project object */ = {
			isa = PBXProject;
			attributes = {
				LastSwiftUpdateCheck = 1130;
				LastUpgradeCheck = 1130;
				ORGANIZATIONNAME = "Jonah Rivera";
				TargetAttributes = {
					22D05DCB23D800E500F36E06 = {
						CreatedOnToolsVersion = 11.3.1;
					};
					22D05DE123D800F000F36E06 = {
						CreatedOnToolsVersion = 11.3.1;
						TestTargetID = 22D05DCB23D800E500F36E06;
					};
					22D05DEC23D800F000F36E06 = {
						CreatedOnToolsVersion = 11.3.1;
						TestTargetID = 22D05DCB23D800E500F36E06;
					};
				};
			};
			buildConfigurationList = 22D05DC723D800E500F36E06 /* Build configuration list for PBXProject "TipCalculator" */;
			compatibilityVersion = "Xcode 9.3";
			developmentRegion = en;
			hasScannedForEncodings = 0;
			knownRegions = (
				en,
				Base,
			);
			mainGroup = 22D05DC323D800E500F36E06;
			productRefGroup = 22D05DCD23D800E500F36E06 /* Products */;
			projectDirPath = "";
			projectRoot = "";
			targets = (
				22D05DCB23D800E500F36E06 /* TipCalculator */,
				22D05DE123D800F000F36E06 /* TipCalculatorTests */,
				22D05DEC23D800F000F36E06 /* TipCalculatorUITests */,
			);
		};
/* End PBXProject section */

/* Begin PBXResourcesBuildPhase section */
		22D05DCA23D800E500F36E06 /* Resources */ = {
			isa = PBXResourcesBuildPhase;
			buildActionMask = 2147483647;
			files = (
				22D05DDC23D800F000F36E06 /* LaunchScreen.storyboard in Resources */,
				22D05DD923D800F000F36E06 /* Assets.xcassets in Resources */,
				22D05DD723D800E500F36E06 /* Main.storyboard in Resources */,
				22BCCCC823D8DA4C009571F2 /* tip.jpg in Resources */,
			);
			runOnlyForDeploymentPostprocessing = 0;
		};
		22D05DE023D800F000F36E06 /* Resources */ = {
			isa = PBXResourcesBuildPhase;
			buildActionMask = 2147483647;
			files = (
			);
			runOnlyForDeploymentPostprocessing = 0;
		};
		22D05DEB23D800F000F36E06 /* Resources */ = {
			isa = PBXResourcesBuildPhase;
			buildActionMask = 2147483647;
			files = (
			);
			runOnlyForDeploymentPostprocessing = 0;
		};
/* End PBXResourcesBuildPhase section */

/* Begin PBXSourcesBuildPhase section */
		22D05DC823D800E500F36E06 /* Sources */ = {
			isa = PBXSourcesBuildPhase;
			buildActionMask = 2147483647;
			files = (
				22D05DD423D800E500F36E06 /* ViewController.swift in Sources */,
				22D05DD023D800E500F36E06 /* AppDelegate.swift in Sources */,
				22D05DD223D800E500F36E06 /* SceneDelegate.swift in Sources */,
			);
			runOnlyForDeploymentPostprocessing = 0;
		};
		22D05DDE23D800F000F36E06 /* Sources */ = {
			isa = PBXSourcesBuildPhase;
			buildActionMask = 2147483647;
			files = (
				22D05DE723D800F000F36E06 /* TipCalculatorTests.swift in Sources */,
			);
			runOnlyForDeploymentPostprocessing = 0;
		};
		22D05DE923D800F000F36E06 /* Sources */ = {
			isa = PBXSourcesBuildPhase;
			buildActionMask = 2147483647;
			files = (
				22D05DF223D800F000F36E06 /* TipCalculatorUITests.swift in Sources */,
			);
			runOnlyForDeploymentPostprocessing = 0;
		};
/* End PBXSourcesBuildPhase section */

/* Begin PBXTargetDependency section */
		22D05DE423D800F000F36E06 /* PBXTargetDependency */ = {
			isa = PBXTargetDependency;
			target = 22D05DCB23D800E500F36E06 /* TipCalculator */;
			targetProxy = 22D05DE323D800F000F36E06 /* PBXContainerItemProxy */;
		};
		22D05DEF23D800F000F36E06 /* PBXTargetDependency */ = {
			isa = PBXTargetDependency;
			target = 22D05DCB23D800E500F36E06 /* TipCalculator */;
			targetProxy = 22D05DEE23D800F000F36E06 /* PBXContainerItemProxy */;
		};
/* End PBXTargetDependency section */

/* Begin PBXVariantGroup section */
		22D05DD523D800E500F36E06 /* Main.storyboard */ = {
			isa = PBXVariantGroup;
			children = (
				22D05DD623D800E500F36E06 /* Base */,
			);
			name = Main.storyboard;
			sourceTree = "<group>";
		};
		22D05DDA23D800F000F36E06 /* LaunchScreen.storyboard */ = {
			isa = PBXVariantGroup;
			children = (
				22D05DDB23D800F000F36E06 /* Base */,
			);
			name = LaunchScreen.storyboard;
			sourceTree = "<group>";
		};
/* End PBXVariantGroup section */

/* Begin XCBuildConfiguration section */
		22D05DF423D800F000F36E06 /* Debug */ = {
			isa = XCBuildConfiguration;
			buildSettings = {
				ALWAYS_SEARCH_USER_PATHS = NO;
				CLANG_ANALYZER_NONNULL = YES;
				CLANG_ANALYZER_NUMBER_OBJECT_CONVERSION = YES_AGGRESSIVE;
				CLANG_CXX_LANGUAGE_STANDARD = "gnu++14";
				CLANG_CXX_LIBRARY = "libc++";
				CLANG_ENABLE_MODULES = YES;
				CLANG_ENABLE_OBJC_ARC = YES;
				CLANG_ENABLE_OBJC_WEAK = YES;
				CLANG_WARN_BLOCK_CAPTURE_AUTORELEASING = YES;
				CLANG_WARN_BOOL_CONVERSION = YES;
				CLANG_WARN_COMMA = YES;
				CLANG_WARN_CONSTANT_CONVERSION = YES;
				CLANG_WARN_DEPRECATED_OBJC_IMPLEMENTATIONS = YES;
				CLANG_WARN_DIRECT_OBJC_ISA_USAGE = YES_ERROR;
				CLANG_WARN_DOCUMENTATION_COMMENTS = YES;
				CLANG_WARN_EMPTY_BODY = YES;
				CLANG_WARN_ENUM_CONVERSION = YES;
				CLANG_WARN_INFINITE_RECURSION = YES;
				CLANG_WARN_INT_CONVERSION = YES;
				CLANG_WARN_NON_LITERAL_NULL_CONVERSION = YES;
				CLANG_WARN_OBJC_IMPLICIT_RETAIN_SELF = YES;
				CLANG_WARN_OBJC_LITERAL_CONVERSION = YES;
				CLANG_WARN_OBJC_ROOT_CLASS = YES_ERROR;
				CLANG_WARN_RANGE_LOOP_ANALYSIS = YES;
				CLANG_WARN_STRICT_PROTOTYPES = YES;
				CLANG_WARN_SUSPICIOUS_MOVE = YES;
				CLANG_WARN_UNGUARDED_AVAILABILITY = YES_AGGRESSIVE;
				CLANG_WARN_UNREACHABLE_CODE = YES;
				CLANG_WARN__DUPLICATE_METHOD_MATCH = YES;
				COPY_PHASE_STRIP = NO;
				DEBUG_INFORMATION_FORMAT = dwarf;
				ENABLE_STRICT_OBJC_MSGSEND = YES;
				ENABLE_TESTABILITY = YES;
				GCC_C_LANGUAGE_STANDARD = gnu11;
				GCC_DYNAMIC_NO_PIC = NO;
				GCC_NO_COMMON_BLOCKS = YES;
				GCC_OPTIMIZATION_LEVEL = 0;
				GCC_PREPROCESSOR_DEFINITIONS = (
					"DEBUG=1",
					"$(inherited)",
				);
				GCC_WARN_64_TO_32_BIT_CONVERSION = YES;
				GCC_WARN_ABOUT_RETURN_TYPE = YES_ERROR;
				GCC_WARN_UNDECLARED_SELECTOR = YES;
				GCC_WARN_UNINITIALIZED_AUTOS = YES_AGGRESSIVE;
				GCC_WARN_UNUSED_FUNCTION = YES;
				GCC_WARN_UNUSED_VARIABLE = YES;
				IPHONEOS_DEPLOYMENT_TARGET = 13.2;
				MTL_ENABLE_DEBUG_INFO = INCLUDE_SOURCE;
				MTL_FAST_MATH = YES;
				ONLY_ACTIVE_ARCH = YES;
				SDKROOT = iphoneos;
				SWIFT_ACTIVE_COMPILATION_CONDITIONS = DEBUG;
				SWIFT_OPTIMIZATION_LEVEL = "-Onone";
			};
			name = Debug;
		};
		22D05DF523D800F000F36E06 /* Release */ = {
			isa = XCBuildConfiguration;
			buildSettings = {
				ALWAYS_SEARCH_USER_PATHS = NO;
				CLANG_ANALYZER_NONNULL = YES;
				CLANG_ANALYZER_NUMBER_OBJECT_CONVERSION = YES_AGGRESSIVE;
				CLANG_CXX_LANGUAGE_STANDARD = "gnu++14";
				CLANG_CXX_LIBRARY = "libc++";
				CLANG_ENABLE_MODULES = YES;
				CLANG_ENABLE_OBJC_ARC = YES;
				CLANG_ENABLE_OBJC_WEAK = YES;
				CLANG_WARN_BLOCK_CAPTURE_AUTORELEASING = YES;
				CLANG_WARN_BOOL_CONVERSION = YES;
				CLANG_WARN_COMMA = YES;
				CLANG_WARN_CONSTANT_CONVERSION = YES;
				CLANG_WARN_DEPRECATED_OBJC_IMPLEMENTATIONS = YES;
				CLANG_WARN_DIRECT_OBJC_ISA_USAGE = YES_ERROR;
				CLANG_WARN_DOCUMENTATION_COMMENTS = YES;
				CLANG_WARN_EMPTY_BODY = YES;
				CLANG_WARN_ENUM_CONVERSION = YES;
				CLANG_WARN_INFINITE_RECURSION = YES;
				CLANG_WARN_INT_CONVERSION = YES;
				CLANG_WARN_NON_LITERAL_NULL_CONVERSION = YES;
				CLANG_WARN_OBJC_IMPLICIT_RETAIN_SELF = YES;
				CLANG_WARN_OBJC_LITERAL_CONVERSION = YES;
				CLANG_WARN_OBJC_ROOT_CLASS = YES_ERROR;
				CLANG_WARN_RANGE_LOOP_ANALYSIS = YES;
				CLANG_WARN_STRICT_PROTOTYPES = YES;
				CLANG_WARN_SUSPICIOUS_MOVE = YES;
				CLANG_WARN_UNGUARDED_AVAILABILITY = YES_AGGRESSIVE;
				CLANG_WARN_UNREACHABLE_CODE = YES;
				CLANG_WARN__DUPLICATE_METHOD_MATCH = YES;
				COPY_PHASE_STRIP = NO;
				DEBUG_INFORMATION_FORMAT = "dwarf-with-dsym";
				ENABLE_NS_ASSERTIONS = NO;
				ENABLE_STRICT_OBJC_MSGSEND = YES;
				GCC_C_LANGUAGE_STANDARD = gnu11;
				GCC_NO_COMMON_BLOCKS = YES;
				GCC_WARN_64_TO_32_BIT_CONVERSION = YES;
				GCC_WARN_ABOUT_RETURN_TYPE = YES_ERROR;
				GCC_WARN_UNDECLARED_SELECTOR = YES;
				GCC_WARN_UNINITIALIZED_AUTOS = YES_AGGRESSIVE;
				GCC_WARN_UNUSED_FUNCTION = YES;
				GCC_WARN_UNUSED_VARIABLE = YES;
				IPHONEOS_DEPLOYMENT_TARGET = 13.2;
				MTL_ENABLE_DEBUG_INFO = NO;
				MTL_FAST_MATH = YES;
				SDKROOT = iphoneos;
				SWIFT_COMPILATION_MODE = wholemodule;
				SWIFT_OPTIMIZATION_LEVEL = "-O";
				VALIDATE_PRODUCT = YES;
			};
			name = Release;
		};
		22D05DF723D800F000F36E06 /* Debug */ = {
			isa = XCBuildConfiguration;
			buildSettings = {
				ASSETCATALOG_COMPILER_APPICON_NAME = AppIcon;
				CODE_SIGN_STYLE = Automatic;
				INFOPLIST_FILE = TipCalculator/Info.plist;
				LD_RUNPATH_SEARCH_PATHS = (
					"$(inherited)",
					"@executable_path/Frameworks",
				);
				PRODUCT_BUNDLE_IDENTIFIER = CodePath.TipCalculator;
				PRODUCT_NAME = "$(TARGET_NAME)";
				SWIFT_VERSION = 5.0;
				TARGETED_DEVICE_FAMILY = "1,2";
			};
			name = Debug;
		};
		22D05DF823D800F000F36E06 /* Release */ = {
			isa = XCBuildConfiguration;
			buildSettings = {
				ASSETCATALOG_COMPILER_APPICON_NAME = AppIcon;
				CODE_SIGN_STYLE = Automatic;
				INFOPLIST_FILE = TipCalculator/Info.plist;
				LD_RUNPATH_SEARCH_PATHS = (
					"$(inherited)",
					"@executable_path/Frameworks",
				);
				PRODUCT_BUNDLE_IDENTIFIER = CodePath.TipCalculator;
				PRODUCT_NAME = "$(TARGET_NAME)";
				SWIFT_VERSION = 5.0;
				TARGETED_DEVICE_FAMILY = "1,2";
			};
			name = Release;
		};
		22D05DFA23D800F000F36E06 /* Debug */ = {
			isa = XCBuildConfiguration;
			buildSettings = {
				ALWAYS_EMBED_SWIFT_STANDARD_LIBRARIES = YES;
				BUNDLE_LOADER = "$(TEST_HOST)";
				CODE_SIGN_STYLE = Automatic;
				INFOPLIST_FILE = TipCalculatorTests/Info.plist;
				IPHONEOS_DEPLOYMENT_TARGET = 13.2;
				LD_RUNPATH_SEARCH_PATHS = (
					"$(inherited)",
					"@executable_path/Frameworks",
					"@loader_path/Frameworks",
				);
				PRODUCT_BUNDLE_IDENTIFIER = CodePath.TipCalculatorTests;
				PRODUCT_NAME = "$(TARGET_NAME)";
				SWIFT_VERSION = 5.0;
				TARGETED_DEVICE_FAMILY = "1,2";
				TEST_HOST = "$(BUILT_PRODUCTS_DIR)/TipCalculator.app/TipCalculator";
			};
			name = Debug;
		};
		22D05DFB23D800F000F36E06 /* Release */ = {
			isa = XCBuildConfiguration;
			buildSettings = {
				ALWAYS_EMBED_SWIFT_STANDARD_LIBRARIES = YES;
				BUNDLE_LOADER = "$(TEST_HOST)";
				CODE_SIGN_STYLE = Automatic;
				INFOPLIST_FILE = TipCalculatorTests/Info.plist;
				IPHONEOS_DEPLOYMENT_TARGET = 13.2;
				LD_RUNPATH_SEARCH_PATHS = (
					"$(inherited)",
					"@executable_path/Frameworks",
					"@loader_path/Frameworks",
				);
				PRODUCT_BUNDLE_IDENTIFIER = CodePath.TipCalculatorTests;
				PRODUCT_NAME = "$(TARGET_NAME)";
				SWIFT_VERSION = 5.0;
				TARGETED_DEVICE_FAMILY = "1,2";
				TEST_HOST = "$(BUILT_PRODUCTS_DIR)/TipCalculator.app/TipCalculator";
			};
			name = Release;
		};
		22D05DFD23D800F000F36E06 /* Debug */ = {
			isa = XCBuildConfiguration;
			buildSettings = {
				ALWAYS_EMBED_SWIFT_STANDARD_LIBRARIES = YES;
				CODE_SIGN_STYLE = Automatic;
				INFOPLIST_FILE = TipCalculatorUITests/Info.plist;
				LD_RUNPATH_SEARCH_PATHS = (
					"$(inherited)",
					"@executable_path/Frameworks",
					"@loader_path/Frameworks",
				);
				PRODUCT_BUNDLE_IDENTIFIER = CodePath.TipCalculatorUITests;
				PRODUCT_NAME = "$(TARGET_NAME)";
				SWIFT_VERSION = 5.0;
				TARGETED_DEVICE_FAMILY = "1,2";
				TEST_TARGET_NAME = TipCalculator;
			};
			name = Debug;
		};
		22D05DFE23D800F000F36E06 /* Release */ = {
			isa = XCBuildConfiguration;
			buildSettings = {
				ALWAYS_EMBED_SWIFT_STANDARD_LIBRARIES = YES;
				CODE_SIGN_STYLE = Automatic;
				INFOPLIST_FILE = TipCalculatorUITests/Info.plist;
				LD_RUNPATH_SEARCH_PATHS = (
					"$(inherited)",
					"@executable_path/Frameworks",
					"@loader_path/Frameworks",
				);
				PRODUCT_BUNDLE_IDENTIFIER = CodePath.TipCalculatorUITests;
				PRODUCT_NAME = "$(TARGET_NAME)";
				SWIFT_VERSION = 5.0;
				TARGETED_DEVICE_FAMILY = "1,2";
				TEST_TARGET_NAME = TipCalculator;
			};
			name = Release;
		};
/* End XCBuildConfiguration section */

/* Begin XCConfigurationList section */
		22D05DC723D800E500F36E06 /* Build configuration list for PBXProject "TipCalculator" */ = {
			isa = XCConfigurationList;
			buildConfigurations = (
				22D05DF423D800F000F36E06 /* Debug */,
				22D05DF523D800F000F36E06 /* Release */,
			);
			defaultConfigurationIsVisible = 0;
			defaultConfigurationName = Release;
		};
		22D05DF623D800F000F36E06 /* Build configuration list for PBXNativeTarget "TipCalculator" */ = {
			isa = XCConfigurationList;
			buildConfigurations = (
				22D05DF723D800F000F36E06 /* Debug */,
				22D05DF823D800F000F36E06 /* Release */,
			);
			defaultConfigurationIsVisible = 0;
			defaultConfigurationName = Release;
		};
		22D05DF923D800F000F36E06 /* Build configuration list for PBXNativeTarget "TipCalculatorTests" */ = {
			isa = XCConfigurationList;
			buildConfigurations = (
				22D05DFA23D800F000F36E06 /* Debug */,
				22D05DFB23D800F000F36E06 /* Release */,
			);
			defaultConfigurationIsVisible = 0;
			defaultConfigurationName = Release;
		};
		22D05DFC23D800F000F36E06 /* Build configuration list for PBXNativeTarget "TipCalculatorUITests" */ = {
			isa = XCConfigurationList;
			buildConfigurations = (
				22D05DFD23D800F000F36E06 /* Debug */,
				22D05DFE23D800F000F36E06 /* Release */,
			);
			defaultConfigurationIsVisible = 0;
			defaultConfigurationName = Release;
		};
/* End XCConfigurationList section */
	};
	rootObject = 22D05DC423D800E500F36E06 /* Project object */;
}
